
Microsoft Visual Studio Solution File, Format Version 12.00
# Visual Studio 15
VisualStudioVersion = 15.0.28307.1082
MinimumVisualStudioVersion = 10.0.40219.1
Project("{FAE04EC0-301F-11D3-BF4B-00C04F79EFBC}") = "FoodApp", "FoodApp\FoodApp.csproj", "{4D58B1EB-A7BE-4C76-AA6E-B82EA008686F}"
EndProject
Project("{FAE04EC0-301F-11D3-BF4B-00C04F79EFBC}") = "FoodRegLogIn", "FoodRegLogIn\FoodRegLogIn.csproj", "{B3A13C72-6DBC-4CF5-B335-C084BD3E91D2}"
EndProject
Global
	GlobalSection(SolutionConfigurationPlatforms) = preSolution
		Debug|Any CPU = Debug|Any CPU
		Release|Any CPU = Release|Any CPU
	EndGlobalSection
	GlobalSection(ProjectConfigurationPlatforms) = postSolution
		{4D58B1EB-A7BE-4C76-AA6E-B82EA008686F}.Debug|Any CPU.ActiveCfg = Debug|Any CPU
		{4D58B1EB-A7BE-4C76-AA6E-B82EA008686F}.Debug|Any CPU.Build.0 = Debug|Any CPU
		{4D58B1EB-A7BE-4C76-AA6E-B82EA008686F}.Release|Any CPU.ActiveCfg = Release|Any CPU
		{4D58B1EB-A7BE-4C76-AA6E-B82EA008686F}.Release|Any CPU.Build.0 = Release|Any CPU
		{B3A13C72-6DBC-4CF5-B335-C084BD3E91D2}.Debug|Any CPU.ActiveCfg = Debug|Any CPU
		{B3A13C72-6DBC-4CF5-B335-C084BD3E91D2}.Debug|Any CPU.Build.0 = Debug|Any CPU
		{B3A13C72-6DBC-4CF5-B335-C084BD3E91D2}.Release|Any CPU.ActiveCfg = Release|Any CPU
		{B3A13C72-6DBC-4CF5-B335-C084BD3E91D2}.Release|Any CPU.Build.0 = Release|Any CPU
	EndGlobalSection
	GlobalSection(SolutionProperties) = preSolution
		HideSolutionNode = FALSE
	EndGlobalSection
	GlobalSection(ExtensibilityGlobals) = postSolution
		SolutionGuid = {8887EADC-2E6E-4F58-A749-B4C2D8B62925}
	EndGlobalSection
EndGlobal
